{
  "name": "club-website-biscuit",
  "version": "1.0.0",
  "lockfileVersion": 3,
  "requires": true,
  "packages": {
    "": {
      "name": "club-website-biscuit",
      "version": "1.0.0",
      "license": "ISC",
      "devDependencies": {
        "eleventy": "^2.0.0"
      }
    },
    "node_modules/eleventy": {
      "version": "2.0.0",
      "resolved": "https://registry.npmjs.org/eleventy/-/eleventy-2.0.0.tgz",
      "integrity": "sha512-vCM7OEqGjqG9mhXaSMCm+3g6P1dwMkyT6fQeothJ9FfWBn2l9JKLX8Xh8tSuIVWLQweYulgFOGsHlOJi1Dp9aQ==",
      "dev": true,
      "license": "MIT"
    }
  }
}
